
Microsoft Visual Studio Solution File, Format Version 12.00
# Visual Studio Version 17
VisualStudioVersion = 17.7.34221.43
MinimumVisualStudioVersion = 10.0.40219.1
Project("{FAE04EC0-301F-11D3-BF4B-00C04F79EFBC}") = "TelegramBotTest.Web", "TelegramBotTest.Web\TelegramBotTest.Web.csproj", "{CAFB6948-87BA-4203-927A-CFCAF02F8570}"
EndProject
Global
	GlobalSection(SolutionConfigurationPlatforms) = preSolution
		Debug|Any CPU = Debug|Any CPU
		Release|Any CPU = Release|Any CPU
	EndGlobalSection
	GlobalSection(ProjectConfigurationPlatforms) = postSolution
		{CAFB6948-87BA-4203-927A-CFCAF02F8570}.Debug|Any CPU.ActiveCfg = Debug|Any CPU
		{CAFB6948-87BA-4203-927A-CFCAF02F8570}.Debug|Any CPU.Build.0 = Debug|Any CPU
		{CAFB6948-87BA-4203-927A-CFCAF02F8570}.Release|Any CPU.ActiveCfg = Release|Any CPU
		{CAFB6948-87BA-4203-927A-CFCAF02F8570}.Release|Any CPU.Build.0 = Release|Any CPU
	EndGlobalSection
	GlobalSection(SolutionProperties) = preSolution
		HideSolutionNode = FALSE
	EndGlobalSection
	GlobalSection(ExtensibilityGlobals) = postSolution
		SolutionGuid = {36547BC5-359A-4205-9737-202C7CEF7419}
	EndGlobalSection
EndGlobal
